# This file is automatically @generated by Cargo.
# It is not intended for manual editing.
version = 3

[[package]]
name = "csimpi_client"
version = "0.1.0"

[[package]]
name = "csimpi_protocol"
version = "0.1.0"

[[package]]
name = "csimpi_server"
version = "0.1.0"
dependencies = [
 "csimpi_protocol",
]
